// !$*UTF8*$!
{
	archiveVersion = 1;
	classes = {
	};
	objectVersion = 46;
	objects = {

/* Begin PBXBuildFile section */
		042C437F1A75D18200CAD2AD /* AppDelegate.swift in Sources */ = {isa = PBXBuildFile; fileRef = 042C437E1A75D18200CAD2AD /* AppDelegate.swift */; };
		042C43841A75D18200CAD2AD /* Main.storyboard in Resources */ = {isa = PBXBuildFile; fileRef = 042C43821A75D18200CAD2AD /* Main.storyboard */; };
		042C43861A75D18200CAD2AD /* Images.xcassets in Resources */ = {isa = PBXBuildFile; fileRef = 042C43851A75D18200CAD2AD /* Images.xcassets */; };
		042C43891A75D18200CAD2AD /* LaunchScreen.xib in Resources */ = {isa = PBXBuildFile; fileRef = 042C43871A75D18200CAD2AD /* LaunchScreen.xib */; };
		042C43951A75D18200CAD2AD /* iOSerTests.swift in Sources */ = {isa = PBXBuildFile; fileRef = 042C43941A75D18200CAD2AD /* iOSerTests.swift */; };
		042C439F1A75DF1800CAD2AD /* ChineseSite.plist in Resources */ = {isa = PBXBuildFile; fileRef = 042C439E1A75DF1800CAD2AD /* ChineseSite.plist */; };
		0447A82D1A75FFC600DE77EF /* SiteModel.swift in Sources */ = {isa = PBXBuildFile; fileRef = 0447A82C1A75FFC600DE77EF /* SiteModel.swift */; };
		0447A82F1A7613FA00DE77EF /* TableViewController.swift in Sources */ = {isa = PBXBuildFile; fileRef = 0447A82E1A7613FA00DE77EF /* TableViewController.swift */; };
		04493C531A7646A9006ACF91 /* WebViewController.swift in Sources */ = {isa = PBXBuildFile; fileRef = 04493C521A7646A9006ACF91 /* WebViewController.swift */; };
		046E84721A7E222500B7B38A /* AddViewController.swift in Sources */ = {isa = PBXBuildFile; fileRef = 046E84711A7E222500B7B38A /* AddViewController.swift */; };
		04E879EA1A79279A00D02F2F /* EnglishSite.plist in Resources */ = {isa = PBXBuildFile; fileRef = 04E879E91A79279A00D02F2F /* EnglishSite.plist */; };
/* End PBXBuildFile section */

/* Begin PBXContainerItemProxy section */
		042C438F1A75D18200CAD2AD /* PBXContainerItemProxy */ = {
			isa = PBXContainerItemProxy;
			containerPortal = 042C43711A75D18200CAD2AD /* Project object */;
			proxyType = 1;
			remoteGlobalIDString = 042C43781A75D18200CAD2AD;
			remoteInfo = iOSer;
		};
/* End PBXContainerItemProxy section */

/* Begin PBXFileReference section */
		042C43791A75D18200CAD2AD /* iOSer.app */ = {isa = PBXFileReference; explicitFileType = wrapper.application; includeInIndex = 0; path = iOSer.app; sourceTree = BUILT_PRODUCTS_DIR; };
		042C437D1A75D18200CAD2AD /* Info.plist */ = {isa = PBXFileReference; lastKnownFileType = text.plist.xml; path = Info.plist; sourceTree = "<group>"; };
		042C437E1A75D18200CAD2AD /* AppDelegate.swift */ = {isa = PBXFileReference; lastKnownFileType = sourcecode.swift; path = AppDelegate.swift; sourceTree = "<group>"; };
		042C43831A75D18200CAD2AD /* Base */ = {isa = PBXFileReference; lastKnownFileType = file.storyboard; name = Base; path = Base.lproj/Main.storyboard; sourceTree = "<group>"; };
		042C43851A75D18200CAD2AD /* Images.xcassets */ = {isa = PBXFileReference; lastKnownFileType = folder.assetcatalog; path = Images.xcassets; sourceTree = "<group>"; };
		042C43881A75D18200CAD2AD /* Base */ = {isa = PBXFileReference; lastKnownFileType = file.xib; name = Base; path = Base.lproj/LaunchScreen.xib; sourceTree = "<group>"; };
		042C438E1A75D18200CAD2AD /* iOSerTests.xctest */ = {isa = PBXFileReference; explicitFileType = wrapper.cfbundle; includeInIndex = 0; path = iOSerTests.xctest; sourceTree = BUILT_PRODUCTS_DIR; };
		042C43931A75D18200CAD2AD /* Info.plist */ = {isa = PBXFileReference; lastKnownFileType = text.plist.xml; path = Info.plist; sourceTree = "<group>"; };
		042C43941A75D18200CAD2AD /* iOSerTests.swift */ = {isa = PBXFileReference; lastKnownFileType = sourcecode.swift; path = iOSerTests.swift; sourceTree = "<group>"; };
		042C439E1A75DF1800CAD2AD /* ChineseSite.plist */ = {isa = PBXFileReference; fileEncoding = 4; lastKnownFileType = text.plist.xml; path = ChineseSite.plist; sourceTree = "<group>"; };
		0447A82C1A75FFC600DE77EF /* SiteModel.swift */ = {isa = PBXFileReference; fileEncoding = 4; lastKnownFileType = sourcecode.swift; path = SiteModel.swift; sourceTree = "<group>"; };
		0447A82E1A7613FA00DE77EF /* TableViewController.swift */ = {isa = PBXFileReference; fileEncoding = 4; lastKnownFileType = sourcecode.swift; path = TableViewController.swift; sourceTree = "<group>"; };
		04493C521A7646A9006ACF91 /* WebViewController.swift */ = {isa = PBXFileReference; fileEncoding = 4; lastKnownFileType = sourcecode.swift; path = WebViewController.swift; sourceTree = "<group>"; };
		046E84711A7E222500B7B38A /* AddViewController.swift */ = {isa = PBXFileReference; fileEncoding = 4; lastKnownFileType = sourcecode.swift; path = AddViewController.swift; sourceTree = "<group>"; };
		04E879E51A767A1900D02F2F /* MyPlayground.playground */ = {isa = PBXFileReference; lastKnownFileType = file.playground; path = MyPlayground.playground; sourceTree = "<group>"; };
		04E879E91A79279A00D02F2F /* EnglishSite.plist */ = {isa = PBXFileReference; fileEncoding = 4; lastKnownFileType = text.plist.xml; path = EnglishSite.plist; sourceTree = "<group>"; };
/* End PBXFileReference section */

/* Begin PBXFrameworksBuildPhase section */
		042C43761A75D18200CAD2AD /* Frameworks */ = {
			isa = PBXFrameworksBuildPhase;
			buildActionMask = 2147483647;
			files = (
			);
			runOnlyForDeploymentPostprocessing = 0;
		};
		042C438B1A75D18200CAD2AD /* Frameworks */ = {
			isa = PBXFrameworksBuildPhase;
			buildActionMask = 2147483647;
			files = (
			);
			runOnlyForDeploymentPostprocessing = 0;
		};
/* End PBXFrameworksBuildPhase section */

/* Begin PBXGroup section */
		042C43701A75D18200CAD2AD = {
			isa = PBXGroup;
			children = (
				042C437B1A75D18200CAD2AD /* iOSer */,
				042C43911A75D18200CAD2AD /* iOSerTests */,
				042C437A1A75D18200CAD2AD /* Products */,
			);
			sourceTree = "<group>";
		};
		042C437A1A75D18200CAD2AD /* Products */ = {
			isa = PBXGroup;
			children = (
				042C43791A75D18200CAD2AD /* iOSer.app */,
				042C438E1A75D18200CAD2AD /* iOSerTests.xctest */,
			);
			name = Products;
			sourceTree = "<group>";
		};
		042C437B1A75D18200CAD2AD /* iOSer */ = {
			isa = PBXGroup;
			children = (
				04E879E51A767A1900D02F2F /* MyPlayground.playground */,
				042C437E1A75D18200CAD2AD /* AppDelegate.swift */,
				0447A82C1A75FFC600DE77EF /* SiteModel.swift */,
				0447A82E1A7613FA00DE77EF /* TableViewController.swift */,
				04493C521A7646A9006ACF91 /* WebViewController.swift */,
				046E84711A7E222500B7B38A /* AddViewController.swift */,
				042C43821A75D18200CAD2AD /* Main.storyboard */,
				042C43851A75D18200CAD2AD /* Images.xcassets */,
				042C43871A75D18200CAD2AD /* LaunchScreen.xib */,
				042C437C1A75D18200CAD2AD /* Supporting Files */,
			);
			path = iOSer;
			sourceTree = "<group>";
		};
		042C437C1A75D18200CAD2AD /* Supporting Files */ = {
			isa = PBXGroup;
			children = (
				042C439E1A75DF1800CAD2AD /* ChineseSite.plist */,
				04E879E91A79279A00D02F2F /* EnglishSite.plist */,
				042C437D1A75D18200CAD2AD /* Info.plist */,
			);
			name = "Supporting Files";
			sourceTree = "<group>";
		};
		042C43911A75D18200CAD2AD /* iOSerTests */ = {
			isa = PBXGroup;
			children = (
				042C43941A75D18200CAD2AD /* iOSerTests.swift */,
				042C43921A75D18200CAD2AD /* Supporting Files */,
			);
			path = iOSerTests;
			sourceTree = "<group>";
		};
		042C43921A75D18200CAD2AD /* Supporting Files */ = {
			isa = PBXGroup;
			children = (
				042C43931A75D18200CAD2AD /* Info.plist */,
			);
			name = "Supporting Files";
			sourceTree = "<group>";
		};
/* End PBXGroup section */

/* Begin PBXNativeTarget section */
		042C43781A75D18200CAD2AD /* iOSer */ = {
			isa = PBXNativeTarget;
			buildConfigurationList = 042C43981A75D18200CAD2AD /* Build configuration list for PBXNativeTarget "iOSer" */;
			buildPhases = (
				042C43751A75D18200CAD2AD /* Sources */,
				042C43761A75D18200CAD2AD /* Frameworks */,
				042C43771A75D18200CAD2AD /* Resources */,
			);
			buildRules = (
			);
			dependencies = (
			);
			name = iOSer;
			productName = iOSer;
			productReference = 042C43791A75D18200CAD2AD /* iOSer.app */;
			productType = "com.apple.product-type.application";
		};
		042C438D1A75D18200CAD2AD /* iOSerTests */ = {
			isa = PBXNativeTarget;
			buildConfigurationList = 042C439B1A75D18200CAD2AD /* Build configuration list for PBXNativeTarget "iOSerTests" */;
			buildPhases = (
				042C438A1A75D18200CAD2AD /* Sources */,
				042C438B1A75D18200CAD2AD /* Frameworks */,
				042C438C1A75D18200CAD2AD /* Resources */,
			);
			buildRules = (
			);
			dependencies = (
				042C43901A75D18200CAD2AD /* PBXTargetDependency */,
			);
			name = iOSerTests;
			productName = iOSerTests;
			productReference = 042C438E1A75D18200CAD2AD /* iOSerTests.xctest */;
			productType = "com.apple.product-type.bundle.unit-test";
		};
/* End PBXNativeTarget section */

/* Begin PBXProject section */
		042C43711A75D18200CAD2AD /* Project object */ = {
			isa = PBXProject;
			attributes = {
				LastUpgradeCheck = 0610;
				ORGANIZATIONNAME = ZK;
				TargetAttributes = {
					042C43781A75D18200CAD2AD = {
						CreatedOnToolsVersion = 6.1.1;
						DevelopmentTeam = SX5TVB4MWV;
					};
					042C438D1A75D18200CAD2AD = {
						CreatedOnToolsVersion = 6.1.1;
						TestTargetID = 042C43781A75D18200CAD2AD;
					};
				};
			};
			buildConfigurationList = 042C43741A75D18200CAD2AD /* Build configuration list for PBXProject "iOSer" */;
			compatibilityVersion = "Xcode 3.2";
			developmentRegion = English;
			hasScannedForEncodings = 0;
			knownRegions = (
				en,
				Base,
			);
			mainGroup = 042C43701A75D18200CAD2AD;
			productRefGroup = 042C437A1A75D18200CAD2AD /* Products */;
			projectDirPath = "";
			projectRoot = "";
			targets = (
				042C43781A75D18200CAD2AD /* iOSer */,
				042C438D1A75D18200CAD2AD /* iOSerTests */,
			);
		};
/* End PBXProject section */

/* Begin PBXResourcesBuildPhase section */
		042C43771A75D18200CAD2AD /* Resources */ = {
			isa = PBXResourcesBuildPhase;
			buildActionMask = 2147483647;
			files = (
				042C43841A75D18200CAD2AD /* Main.storyboard in Resources */,
				042C43891A75D18200CAD2AD /* LaunchScreen.xib in Resources */,
				04E879EA1A79279A00D02F2F /* EnglishSite.plist in Resources */,
				042C43861A75D18200CAD2AD /* Images.xcassets in Resources */,
				042C439F1A75DF1800CAD2AD /* ChineseSite.plist in Resources */,
			);
			runOnlyForDeploymentPostprocessing = 0;
		};
		042C438C1A75D18200CAD2AD /* Resources */ = {
			isa = PBXResourcesBuildPhase;
			buildActionMask = 2147483647;
			files = (
			);
			runOnlyForDeploymentPostprocessing = 0;
		};
/* End PBXResourcesBuildPhase section */

/* Begin PBXSourcesBuildPhase section */
		042C43751A75D18200CAD2AD /* Sources */ = {
			isa = PBXSourcesBuildPhase;
			buildActionMask = 2147483647;
			files = (
				046E84721A7E222500B7B38A /* AddViewController.swift in Sources */,
				0447A82F1A7613FA00DE77EF /* TableViewController.swift in Sources */,
				042C437F1A75D18200CAD2AD /* AppDelegate.swift in Sources */,
				04493C531A7646A9006ACF91 /* WebViewController.swift in Sources */,
				0447A82D1A75FFC600DE77EF /* SiteModel.swift in Sources */,
			);
			runOnlyForDeploymentPostprocessing = 0;
		};
		042C438A1A75D18200CAD2AD /* Sources */ = {
			isa = PBXSourcesBuildPhase;
			buildActionMask = 2147483647;
			files = (
				042C43951A75D18200CAD2AD /* iOSerTests.swift in Sources */,
			);
			runOnlyForDeploymentPostprocessing = 0;
		};
/* End PBXSourcesBuildPhase section */

/* Begin PBXTargetDependency section */
		042C43901A75D18200CAD2AD /* PBXTargetDependency */ = {
			isa = PBXTargetDependency;
			target = 042C43781A75D18200CAD2AD /* iOSer */;
			targetProxy = 042C438F1A75D18200CAD2AD /* PBXContainerItemProxy */;
		};
/* End PBXTargetDependency section */

/* Begin PBXVariantGroup section */
		042C43821A75D18200CAD2AD /* Main.storyboard */ = {
			isa = PBXVariantGroup;
			children = (
				042C43831A75D18200CAD2AD /* Base */,
			);
			name = Main.storyboard;
			sourceTree = "<group>";
		};
		042C43871A75D18200CAD2AD /* LaunchScreen.xib */ = {
			isa = PBXVariantGroup;
			children = (
				042C43881A75D18200CAD2AD /* Base */,
			);
			name = LaunchScreen.xib;
			sourceTree = "<group>";
		};
/* End PBXVariantGroup section */

/* Begin XCBuildConfiguration section */
		042C43961A75D18200CAD2AD /* Debug */ = {
			isa = XCBuildConfiguration;
			buildSettings = {
				ALWAYS_SEARCH_USER_PATHS = NO;
				CLANG_CXX_LANGUAGE_STANDARD = "gnu++0x";
				CLANG_CXX_LIBRARY = "libc++";
				CLANG_ENABLE_MODULES = YES;
				CLANG_ENABLE_OBJC_ARC = YES;
				CLANG_WARN_BOOL_CONVERSION = YES;
				CLANG_WARN_CONSTANT_CONVERSION = YES;
				CLANG_WARN_DIRECT_OBJC_ISA_USAGE = YES_ERROR;
				CLANG_WARN_EMPTY_BODY = YES;
				CLANG_WARN_ENUM_CONVERSION = YES;
				CLANG_WARN_INT_CONVERSION = YES;
				CLANG_WARN_OBJC_ROOT_CLASS = YES_ERROR;
				CLANG_WARN_UNREACHABLE_CODE = YES;
				CLANG_WARN__DUPLICATE_METHOD_MATCH = YES;
				"CODE_SIGN_IDENTITY[sdk=iphoneos*]" = "iPhone Developer";
				COPY_PHASE_STRIP = NO;
				ENABLE_STRICT_OBJC_MSGSEND = YES;
				GCC_C_LANGUAGE_STANDARD = gnu99;
				GCC_DYNAMIC_NO_PIC = NO;
				GCC_OPTIMIZATION_LEVEL = 0;
				GCC_PREPROCESSOR_DEFINITIONS = (
					"DEBUG=1",
					"$(inherited)",
				);
				GCC_SYMBOLS_PRIVATE_EXTERN = NO;
				GCC_WARN_64_TO_32_BIT_CONVERSION = YES;
				GCC_WARN_ABOUT_RETURN_TYPE = YES_ERROR;
				GCC_WARN_UNDECLARED_SELECTOR = YES;
				GCC_WARN_UNINITIALIZED_AUTOS = YES_AGGRESSIVE;
				GCC_WARN_UNUSED_FUNCTION = YES;
				GCC_WARN_UNUSED_VARIABLE = YES;
				IPHONEOS_DEPLOYMENT_TARGET = 8.1;
				MTL_ENABLE_DEBUG_INFO = YES;
				ONLY_ACTIVE_ARCH = YES;
				SDKROOT = iphoneos;
				SWIFT_OPTIMIZATION_LEVEL = "-Onone";
			};
			name = Debug;
		};
		042C43971A75D18200CAD2AD /* Release */ = {
			isa = XCBuildConfiguration;
			buildSettings = {
				ALWAYS_SEARCH_USER_PATHS = NO;
				CLANG_CXX_LANGUAGE_STANDARD = "gnu++0x";
				CLANG_CXX_LIBRARY = "libc++";
				CLANG_ENABLE_MODULES = YES;
				CLANG_ENABLE_OBJC_ARC = YES;
				CLANG_WARN_BOOL_CONVERSION = YES;
				CLANG_WARN_CONSTANT_CONVERSION = YES;
				CLANG_WARN_DIRECT_OBJC_ISA_USAGE = YES_ERROR;
				CLANG_WARN_EMPTY_BODY = YES;
				CLANG_WARN_ENUM_CONVERSION = YES;
				CLANG_WARN_INT_CONVERSION = YES;
				CLANG_WARN_OBJC_ROOT_CLASS = YES_ERROR;
				CLANG_WARN_UNREACHABLE_CODE = YES;
				CLANG_WARN__DUPLICATE_METHOD_MATCH = YES;
				"CODE_SIGN_IDENTITY[sdk=iphoneos*]" = "iPhone Developer";
				COPY_PHASE_STRIP = YES;
				ENABLE_NS_ASSERTIONS = NO;
				ENABLE_STRICT_OBJC_MSGSEND = YES;
				GCC_C_LANGUAGE_STANDARD = gnu99;
				GCC_WARN_64_TO_32_BIT_CONVERSION = YES;
				GCC_WARN_ABOUT_RETURN_TYPE = YES_ERROR;
				GCC_WARN_UNDECLARED_SELECTOR = YES;
				GCC_WARN_UNINITIALIZED_AUTOS = YES_AGGRESSIVE;
				GCC_WARN_UNUSED_FUNCTION = YES;
				GCC_WARN_UNUSED_VARIABLE = YES;
				IPHONEOS_DEPLOYMENT_TARGET = 8.1;
				MTL_ENABLE_DEBUG_INFO = NO;
				SDKROOT = iphoneos;
				VALIDATE_PRODUCT = YES;
			};
			name = Release;
		};
		042C43991A75D18200CAD2AD /* Debug */ = {
			isa = XCBuildConfiguration;
			buildSettings = {
				ASSETCATALOG_COMPILER_APPICON_NAME = AppIcon;
				CODE_SIGN_IDENTITY = "iPhone Developer";
				"CODE_SIGN_IDENTITY[sdk=iphoneos*]" = "iPhone Developer";
				INFOPLIST_FILE = iOSer/Info.plist;
				IPHONEOS_DEPLOYMENT_TARGET = 8.0;
				LD_RUNPATH_SEARCH_PATHS = "$(inherited) @executable_path/Frameworks";
				PRODUCT_NAME = "$(TARGET_NAME)";
				PROVISIONING_PROFILE = "";
			};
			name = Debug;
		};
		042C439A1A75D18200CAD2AD /* Release */ = {
			isa = XCBuildConfiguration;
			buildSettings = {
				ASSETCATALOG_COMPILER_APPICON_NAME = AppIcon;
				CODE_SIGN_IDENTITY = "iPhone Developer";
				"CODE_SIGN_IDENTITY[sdk=iphoneos*]" = "iPhone Developer";
				INFOPLIST_FILE = iOSer/Info.plist;
				IPHONEOS_DEPLOYMENT_TARGET = 8.0;
				LD_RUNPATH_SEARCH_PATHS = "$(inherited) @executable_path/Frameworks";
				PRODUCT_NAME = "$(TARGET_NAME)";
				PROVISIONING_PROFILE = "";
			};
			name = Release;
		};
		042C439C1A75D18200CAD2AD /* Debug */ = {
			isa = XCBuildConfiguration;
			buildSettings = {
				BUNDLE_LOADER = "$(TEST_HOST)";
				FRAMEWORK_SEARCH_PATHS = (
					"$(SDKROOT)/Developer/Library/Frameworks",
					"$(inherited)",
				);
				GCC_PREPROCESSOR_DEFINITIONS = (
					"DEBUG=1",
					"$(inherited)",
				);
				INFOPLIST_FILE = iOSerTests/Info.plist;
				LD_RUNPATH_SEARCH_PATHS = "$(inherited) @executable_path/Frameworks @loader_path/Frameworks";
				PRODUCT_NAME = "$(TARGET_NAME)";
				TEST_HOST = "$(BUILT_PRODUCTS_DIR)/iOSer.app/iOSer";
			};
			name = Debug;
		};
		042C439D1A75D18200CAD2AD /* Release */ = {
			isa = XCBuildConfiguration;
			buildSettings = {
				BUNDLE_LOADER = "$(TEST_HOST)";
				FRAMEWORK_SEARCH_PATHS = (
					"$(SDKROOT)/Developer/Library/Frameworks",
					"$(inherited)",
				);
				INFOPLIST_FILE = iOSerTests/Info.plist;
				LD_RUNPATH_SEARCH_PATHS = "$(inherited) @executable_path/Frameworks @loader_path/Frameworks";
				PRODUCT_NAME = "$(TARGET_NAME)";
				TEST_HOST = "$(BUILT_PRODUCTS_DIR)/iOSer.app/iOSer";
			};
			name = Release;
		};
/* End XCBuildConfiguration section */

/* Begin XCConfigurationList section */
		042C43741A75D18200CAD2AD /* Build configuration list for PBXProject "iOSer" */ = {
			isa = XCConfigurationList;
			buildConfigurations = (
				042C43961A75D18200CAD2AD /* Debug */,
				042C43971A75D18200CAD2AD /* Release */,
			);
			defaultConfigurationIsVisible = 0;
			defaultConfigurationName = Release;
		};
		042C43981A75D18200CAD2AD /* Build configuration list for PBXNativeTarget "iOSer" */ = {
			isa = XCConfigurationList;
			buildConfigurations = (
				042C43991A75D18200CAD2AD /* Debug */,
				042C439A1A75D18200CAD2AD /* Release */,
			);
			defaultConfigurationIsVisible = 0;
			defaultConfigurationName = Release;
		};
		042C439B1A75D18200CAD2AD /* Build configuration list for PBXNativeTarget "iOSerTests" */ = {
			isa = XCConfigurationList;
			buildConfigurations = (
				042C439C1A75D18200CAD2AD /* Debug */,
				042C439D1A75D18200CAD2AD /* Release */,
			);
			defaultConfigurationIsVisible = 0;
			defaultConfigurationName = Release;
		};
/* End XCConfigurationList section */
	};
	rootObject = 042C43711A75D18200CAD2AD /* Project object */;
}
